
Microsoft Visual Studio Solution File, Format Version 12.00
# Visual Studio Version 17
VisualStudioVersion = 17.4.33213.308
MinimumVisualStudioVersion = 10.0.40219.1
Project("{9A19103F-16F7-4668-BE54-9A1E7A4F7556}") = "PizzaStore", "PizzaStore.csproj", "{04BAB644-7A18-4FB2-A302-F8556F0AC0EE}"
EndProject
Global
	GlobalSection(SolutionConfigurationPlatforms) = preSolution
		Debug|Any CPU = Debug|Any CPU
		Release|Any CPU = Release|Any CPU
	EndGlobalSection
	GlobalSection(ProjectConfigurationPlatforms) = postSolution
		{04BAB644-7A18-4FB2-A302-F8556F0AC0EE}.Debug|Any CPU.ActiveCfg = Debug|Any CPU
		{04BAB644-7A18-4FB2-A302-F8556F0AC0EE}.Debug|Any CPU.Build.0 = Debug|Any CPU
		{04BAB644-7A18-4FB2-A302-F8556F0AC0EE}.Release|Any CPU.ActiveCfg = Release|Any CPU
		{04BAB644-7A18-4FB2-A302-F8556F0AC0EE}.Release|Any CPU.Build.0 = Release|Any CPU
	EndGlobalSection
	GlobalSection(SolutionProperties) = preSolution
		HideSolutionNode = FALSE
	EndGlobalSection
	GlobalSection(ExtensibilityGlobals) = postSolution
		SolutionGuid = {438F5F2C-937A-45AC-8637-1A2ACDDA64E7}
	EndGlobalSection
EndGlobal
